// !$*UTF8*$!
{
	archiveVersion = 1;
	classes = {
	};
	objectVersion = 55;
	objects = {

/* Begin PBXBuildFile section */
		E417A1E528C2CDFB00047734 /* CointreeApp.swift in Sources */ = {isa = PBXBuildFile; fileRef = E417A1E428C2CDFB00047734 /* CointreeApp.swift */; };
		E417A1E728C2CDFB00047734 /* HomeView.swift in Sources */ = {isa = PBXBuildFile; fileRef = E417A1E628C2CDFB00047734 /* HomeView.swift */; };
		E417A1E928C2CDFC00047734 /* Assets.xcassets in Resources */ = {isa = PBXBuildFile; fileRef = E417A1E828C2CDFC00047734 /* Assets.xcassets */; };
		E417A1EC28C2CDFC00047734 /* Preview Assets.xcassets in Resources */ = {isa = PBXBuildFile; fileRef = E417A1EB28C2CDFC00047734 /* Preview Assets.xcassets */; };
		E417A1F428C2CF5B00047734 /* PresentationDetents.swift in Sources */ = {isa = PBXBuildFile; fileRef = E417A1F328C2CF5B00047734 /* PresentationDetents.swift */; };
		E417A1F628C2D18E00047734 /* Styleguide.swift in Sources */ = {isa = PBXBuildFile; fileRef = E417A1F528C2D18E00047734 /* Styleguide.swift */; };
		E417A1F928C2DFA700047734 /* Algorithms in Frameworks */ = {isa = PBXBuildFile; productRef = E417A1F828C2DFA700047734 /* Algorithms */; };
		E417A1FB28C2EF1000047734 /* Tips.swift in Sources */ = {isa = PBXBuildFile; fileRef = E417A1FA28C2EF1000047734 /* Tips.swift */; };
		E417A1FE28C3031600047734 /* InstalledSolar.swift in Sources */ = {isa = PBXBuildFile; fileRef = E417A1FD28C3031600047734 /* InstalledSolar.swift */; };
		E417A20028C30E7800047734 /* ViewModel.swift in Sources */ = {isa = PBXBuildFile; fileRef = E417A1FF28C30E7800047734 /* ViewModel.swift */; };
		E417A20328C3254C00047734 /* Parsing in Frameworks */ = {isa = PBXBuildFile; productRef = E417A20228C3254C00047734 /* Parsing */; };
		E43A135B28C3F226000A7EA8 /* SignUpView.swift in Sources */ = {isa = PBXBuildFile; fileRef = E43A135A28C3F226000A7EA8 /* SignUpView.swift */; };
		E4932C1228C37BF100896CE7 /* SwiftSoup in Frameworks */ = {isa = PBXBuildFile; productRef = E4932C1128C37BF100896CE7 /* SwiftSoup */; };
/* End PBXBuildFile section */

/* Begin PBXFileReference section */
		E417A1E128C2CDFB00047734 /* Cointree.app */ = {isa = PBXFileReference; explicitFileType = wrapper.application; includeInIndex = 0; path = Cointree.app; sourceTree = BUILT_PRODUCTS_DIR; };
		E417A1E428C2CDFB00047734 /* CointreeApp.swift */ = {isa = PBXFileReference; lastKnownFileType = sourcecode.swift; path = CointreeApp.swift; sourceTree = "<group>"; };
		E417A1E628C2CDFB00047734 /* HomeView.swift */ = {isa = PBXFileReference; lastKnownFileType = sourcecode.swift; path = HomeView.swift; sourceTree = "<group>"; };
		E417A1E828C2CDFC00047734 /* Assets.xcassets */ = {isa = PBXFileReference; lastKnownFileType = folder.assetcatalog; path = Assets.xcassets; sourceTree = "<group>"; };
		E417A1EB28C2CDFC00047734 /* Preview Assets.xcassets */ = {isa = PBXFileReference; lastKnownFileType = folder.assetcatalog; path = "Preview Assets.xcassets"; sourceTree = "<group>"; };
		E417A1F328C2CF5B00047734 /* PresentationDetents.swift */ = {isa = PBXFileReference; lastKnownFileType = sourcecode.swift; path = PresentationDetents.swift; sourceTree = "<group>"; };
		E417A1F528C2D18E00047734 /* Styleguide.swift */ = {isa = PBXFileReference; lastKnownFileType = sourcecode.swift; path = Styleguide.swift; sourceTree = "<group>"; };
		E417A1FA28C2EF1000047734 /* Tips.swift */ = {isa = PBXFileReference; lastKnownFileType = sourcecode.swift; path = Tips.swift; sourceTree = "<group>"; };
		E417A1FD28C3031600047734 /* InstalledSolar.swift */ = {isa = PBXFileReference; lastKnownFileType = sourcecode.swift; path = InstalledSolar.swift; sourceTree = "<group>"; };
		E417A1FF28C30E7800047734 /* ViewModel.swift */ = {isa = PBXFileReference; lastKnownFileType = sourcecode.swift; path = ViewModel.swift; sourceTree = "<group>"; };
		E43A135A28C3F226000A7EA8 /* SignUpView.swift */ = {isa = PBXFileReference; lastKnownFileType = sourcecode.swift; path = SignUpView.swift; sourceTree = "<group>"; };
/* End PBXFileReference section */

/* Begin PBXFrameworksBuildPhase section */
		E417A1DE28C2CDFB00047734 /* Frameworks */ = {
			isa = PBXFrameworksBuildPhase;
			buildActionMask = 2147483647;
			files = (
				E417A1F928C2DFA700047734 /* Algorithms in Frameworks */,
				E417A20328C3254C00047734 /* Parsing in Frameworks */,
				E4932C1228C37BF100896CE7 /* SwiftSoup in Frameworks */,
			);
			runOnlyForDeploymentPostprocessing = 0;
		};
/* End PBXFrameworksBuildPhase section */

/* Begin PBXGroup section */
		E417A1D828C2CDFB00047734 = {
			isa = PBXGroup;
			children = (
				E417A1E328C2CDFB00047734 /* Cointree */,
				E417A1E228C2CDFB00047734 /* Products */,
			);
			sourceTree = "<group>";
		};
		E417A1E228C2CDFB00047734 /* Products */ = {
			isa = PBXGroup;
			children = (
				E417A1E128C2CDFB00047734 /* Cointree.app */,
			);
			name = Products;
			sourceTree = "<group>";
		};
		E417A1E328C2CDFB00047734 /* Cointree */ = {
			isa = PBXGroup;
			children = (
				E417A1E428C2CDFB00047734 /* CointreeApp.swift */,
				E417A1E628C2CDFB00047734 /* HomeView.swift */,
				E43A135A28C3F226000A7EA8 /* SignUpView.swift */,
				E417A1FF28C30E7800047734 /* ViewModel.swift */,
				E417A1FA28C2EF1000047734 /* Tips.swift */,
				E417A1FC28C2FED400047734 /* Solar */,
				E417A1F228C2CF4E00047734 /* Helpers */,
				E417A1E828C2CDFC00047734 /* Assets.xcassets */,
				E417A1EA28C2CDFC00047734 /* Preview Content */,
			);
			path = Cointree;
			sourceTree = "<group>";
		};
		E417A1EA28C2CDFC00047734 /* Preview Content */ = {
			isa = PBXGroup;
			children = (
				E417A1EB28C2CDFC00047734 /* Preview Assets.xcassets */,
			);
			path = "Preview Content";
			sourceTree = "<group>";
		};
		E417A1F228C2CF4E00047734 /* Helpers */ = {
			isa = PBXGroup;
			children = (
				E417A1F328C2CF5B00047734 /* PresentationDetents.swift */,
				E417A1F528C2D18E00047734 /* Styleguide.swift */,
			);
			path = Helpers;
			sourceTree = "<group>";
		};
		E417A1FC28C2FED400047734 /* Solar */ = {
			isa = PBXGroup;
			children = (
				E417A1FD28C3031600047734 /* InstalledSolar.swift */,
			);
			path = Solar;
			sourceTree = "<group>";
		};
/* End PBXGroup section */

/* Begin PBXNativeTarget section */
		E417A1E028C2CDFB00047734 /* Cointree */ = {
			isa = PBXNativeTarget;
			buildConfigurationList = E417A1EF28C2CDFC00047734 /* Build configuration list for PBXNativeTarget "Cointree" */;
			buildPhases = (
				E417A1DD28C2CDFB00047734 /* Sources */,
				E417A1DE28C2CDFB00047734 /* Frameworks */,
				E417A1DF28C2CDFB00047734 /* Resources */,
			);
			buildRules = (
			);
			dependencies = (
			);
			name = Cointree;
			packageProductDependencies = (
				E417A1F828C2DFA700047734 /* Algorithms */,
				E417A20228C3254C00047734 /* Parsing */,
				E4932C1128C37BF100896CE7 /* SwiftSoup */,
			);
			productName = Cointree;
			productReference = E417A1E128C2CDFB00047734 /* Cointree.app */;
			productType = "com.apple.product-type.application";
		};
/* End PBXNativeTarget section */

/* Begin PBXProject section */
		E417A1D928C2CDFB00047734 /* Project object */ = {
			isa = PBXProject;
			attributes = {
				BuildIndependentTargetsInParallel = 1;
				LastSwiftUpdateCheck = 1320;
				LastUpgradeCheck = 1320;
				TargetAttributes = {
					E417A1E028C2CDFB00047734 = {
						CreatedOnToolsVersion = 13.2.1;
					};
				};
			};
			buildConfigurationList = E417A1DC28C2CDFB00047734 /* Build configuration list for PBXProject "Cointree" */;
			compatibilityVersion = "Xcode 13.0";
			developmentRegion = en;
			hasScannedForEncodings = 0;
			knownRegions = (
				en,
				Base,
			);
			mainGroup = E417A1D828C2CDFB00047734;
			packageReferences = (
				E417A1F728C2DFA600047734 /* XCRemoteSwiftPackageReference "swift-algorithms" */,
				E417A20128C3254C00047734 /* XCRemoteSwiftPackageReference "swift-parsing" */,
				E4932C1028C37BF100896CE7 /* XCRemoteSwiftPackageReference "SwiftSoup" */,
			);
			productRefGroup = E417A1E228C2CDFB00047734 /* Products */;
			projectDirPath = "";
			projectRoot = "";
			targets = (
				E417A1E028C2CDFB00047734 /* Cointree */,
			);
		};
/* End PBXProject section */

/* Begin PBXResourcesBuildPhase section */
		E417A1DF28C2CDFB00047734 /* Resources */ = {
			isa = PBXResourcesBuildPhase;
			buildActionMask = 2147483647;
			files = (
				E417A1EC28C2CDFC00047734 /* Preview Assets.xcassets in Resources */,
				E417A1E928C2CDFC00047734 /* Assets.xcassets in Resources */,
			);
			runOnlyForDeploymentPostprocessing = 0;
		};
/* End PBXResourcesBuildPhase section */

/* Begin PBXSourcesBuildPhase section */
		E417A1DD28C2CDFB00047734 /* Sources */ = {
			isa = PBXSourcesBuildPhase;
			buildActionMask = 2147483647;
			files = (
				E417A1E728C2CDFB00047734 /* HomeView.swift in Sources */,
				E417A1FE28C3031600047734 /* InstalledSolar.swift in Sources */,
				E417A1FB28C2EF1000047734 /* Tips.swift in Sources */,
				E417A1E528C2CDFB00047734 /* CointreeApp.swift in Sources */,
				E43A135B28C3F226000A7EA8 /* SignUpView.swift in Sources */,
				E417A1F628C2D18E00047734 /* Styleguide.swift in Sources */,
				E417A1F428C2CF5B00047734 /* PresentationDetents.swift in Sources */,
				E417A20028C30E7800047734 /* ViewModel.swift in Sources */,
			);
			runOnlyForDeploymentPostprocessing = 0;
		};
/* End PBXSourcesBuildPhase section */

/* Begin XCBuildConfiguration section */
		E417A1ED28C2CDFC00047734 /* Debug */ = {
			isa = XCBuildConfiguration;
			buildSettings = {
				ALWAYS_SEARCH_USER_PATHS = NO;
				CLANG_ANALYZER_NONNULL = YES;
				CLANG_ANALYZER_NUMBER_OBJECT_CONVERSION = YES_AGGRESSIVE;
				CLANG_CXX_LANGUAGE_STANDARD = "gnu++17";
				CLANG_CXX_LIBRARY = "libc++";
				CLANG_ENABLE_MODULES = YES;
				CLANG_ENABLE_OBJC_ARC = YES;
				CLANG_ENABLE_OBJC_WEAK = YES;
				CLANG_WARN_BLOCK_CAPTURE_AUTORELEASING = YES;
				CLANG_WARN_BOOL_CONVERSION = YES;
				CLANG_WARN_COMMA = YES;
				CLANG_WARN_CONSTANT_CONVERSION = YES;
				CLANG_WARN_DEPRECATED_OBJC_IMPLEMENTATIONS = YES;
				CLANG_WARN_DIRECT_OBJC_ISA_USAGE = YES_ERROR;
				CLANG_WARN_DOCUMENTATION_COMMENTS = YES;
				CLANG_WARN_EMPTY_BODY = YES;
				CLANG_WARN_ENUM_CONVERSION = YES;
				CLANG_WARN_INFINITE_RECURSION = YES;
				CLANG_WARN_INT_CONVERSION = YES;
				CLANG_WARN_NON_LITERAL_NULL_CONVERSION = YES;
				CLANG_WARN_OBJC_IMPLICIT_RETAIN_SELF = YES;
				CLANG_WARN_OBJC_LITERAL_CONVERSION = YES;
				CLANG_WARN_OBJC_ROOT_CLASS = YES_ERROR;
				CLANG_WARN_QUOTED_INCLUDE_IN_FRAMEWORK_HEADER = YES;
				CLANG_WARN_RANGE_LOOP_ANALYSIS = YES;
				CLANG_WARN_STRICT_PROTOTYPES = YES;
				CLANG_WARN_SUSPICIOUS_MOVE = YES;
				CLANG_WARN_UNGUARDED_AVAILABILITY = YES_AGGRESSIVE;
				CLANG_WARN_UNREACHABLE_CODE = YES;
				CLANG_WARN__DUPLICATE_METHOD_MATCH = YES;
				COPY_PHASE_STRIP = NO;
				DEBUG_INFORMATION_FORMAT = dwarf;
				ENABLE_STRICT_OBJC_MSGSEND = YES;
				ENABLE_TESTABILITY = YES;
				GCC_C_LANGUAGE_STANDARD = gnu11;
				GCC_DYNAMIC_NO_PIC = NO;
				GCC_NO_COMMON_BLOCKS = YES;
				GCC_OPTIMIZATION_LEVEL = 0;
				GCC_PREPROCESSOR_DEFINITIONS = (
					"DEBUG=1",
					"$(inherited)",
				);
				GCC_WARN_64_TO_32_BIT_CONVERSION = YES;
				GCC_WARN_ABOUT_RETURN_TYPE = YES_ERROR;
				GCC_WARN_UNDECLARED_SELECTOR = YES;
				GCC_WARN_UNINITIALIZED_AUTOS = YES_AGGRESSIVE;
				GCC_WARN_UNUSED_FUNCTION = YES;
				GCC_WARN_UNUSED_VARIABLE = YES;
				IPHONEOS_DEPLOYMENT_TARGET = 15.2;
				MTL_ENABLE_DEBUG_INFO = INCLUDE_SOURCE;
				MTL_FAST_MATH = YES;
				ONLY_ACTIVE_ARCH = YES;
				SDKROOT = iphoneos;
				SWIFT_ACTIVE_COMPILATION_CONDITIONS = DEBUG;
				SWIFT_OPTIMIZATION_LEVEL = "-Onone";
			};
			name = Debug;
		};
		E417A1EE28C2CDFC00047734 /* Release */ = {
			isa = XCBuildConfiguration;
			buildSettings = {
				ALWAYS_SEARCH_USER_PATHS = NO;
				CLANG_ANALYZER_NONNULL = YES;
				CLANG_ANALYZER_NUMBER_OBJECT_CONVERSION = YES_AGGRESSIVE;
				CLANG_CXX_LANGUAGE_STANDARD = "gnu++17";
				CLANG_CXX_LIBRARY = "libc++";
				CLANG_ENABLE_MODULES = YES;
				CLANG_ENABLE_OBJC_ARC = YES;
				CLANG_ENABLE_OBJC_WEAK = YES;
				CLANG_WARN_BLOCK_CAPTURE_AUTORELEASING = YES;
				CLANG_WARN_BOOL_CONVERSION = YES;
				CLANG_WARN_COMMA = YES;
				CLANG_WARN_CONSTANT_CONVERSION = YES;
				CLANG_WARN_DEPRECATED_OBJC_IMPLEMENTATIONS = YES;
				CLANG_WARN_DIRECT_OBJC_ISA_USAGE = YES_ERROR;
				CLANG_WARN_DOCUMENTATION_COMMENTS = YES;
				CLANG_WARN_EMPTY_BODY = YES;
				CLANG_WARN_ENUM_CONVERSION = YES;
				CLANG_WARN_INFINITE_RECURSION = YES;
				CLANG_WARN_INT_CONVERSION = YES;
				CLANG_WARN_NON_LITERAL_NULL_CONVERSION = YES;
				CLANG_WARN_OBJC_IMPLICIT_RETAIN_SELF = YES;
				CLANG_WARN_OBJC_LITERAL_CONVERSION = YES;
				CLANG_WARN_OBJC_ROOT_CLASS = YES_ERROR;
				CLANG_WARN_QUOTED_INCLUDE_IN_FRAMEWORK_HEADER = YES;
				CLANG_WARN_RANGE_LOOP_ANALYSIS = YES;
				CLANG_WARN_STRICT_PROTOTYPES = YES;
				CLANG_WARN_SUSPICIOUS_MOVE = YES;
				CLANG_WARN_UNGUARDED_AVAILABILITY = YES_AGGRESSIVE;
				CLANG_WARN_UNREACHABLE_CODE = YES;
				CLANG_WARN__DUPLICATE_METHOD_MATCH = YES;
				COPY_PHASE_STRIP = NO;
				DEBUG_INFORMATION_FORMAT = "dwarf-with-dsym";
				ENABLE_NS_ASSERTIONS = NO;
				ENABLE_STRICT_OBJC_MSGSEND = YES;
				GCC_C_LANGUAGE_STANDARD = gnu11;
				GCC_NO_COMMON_BLOCKS = YES;
				GCC_WARN_64_TO_32_BIT_CONVERSION = YES;
				GCC_WARN_ABOUT_RETURN_TYPE = YES_ERROR;
				GCC_WARN_UNDECLARED_SELECTOR = YES;
				GCC_WARN_UNINITIALIZED_AUTOS = YES_AGGRESSIVE;
				GCC_WARN_UNUSED_FUNCTION = YES;
				GCC_WARN_UNUSED_VARIABLE = YES;
				IPHONEOS_DEPLOYMENT_TARGET = 15.2;
				MTL_ENABLE_DEBUG_INFO = NO;
				MTL_FAST_MATH = YES;
				SDKROOT = iphoneos;
				SWIFT_COMPILATION_MODE = wholemodule;
				SWIFT_OPTIMIZATION_LEVEL = "-O";
				VALIDATE_PRODUCT = YES;
			};
			name = Release;
		};
		E417A1F028C2CDFC00047734 /* Debug */ = {
			isa = XCBuildConfiguration;
			buildSettings = {
				ASSETCATALOG_COMPILER_APPICON_NAME = AppIcon;
				ASSETCATALOG_COMPILER_GLOBAL_ACCENT_COLOR_NAME = AccentColor;
				CODE_SIGN_STYLE = Automatic;
				CURRENT_PROJECT_VERSION = 1;
				DEVELOPMENT_ASSET_PATHS = "\"Cointree/Preview Content\"";
				DEVELOPMENT_TEAM = 4H9DY7KK5F;
				ENABLE_PREVIEWS = YES;
				GENERATE_INFOPLIST_FILE = YES;
				INFOPLIST_KEY_NSCameraUsageDescription = "We need to use the camera to scan your invoice.";
				INFOPLIST_KEY_UIApplicationSceneManifest_Generation = YES;
				INFOPLIST_KEY_UIApplicationSupportsIndirectInputEvents = YES;
				INFOPLIST_KEY_UILaunchScreen_Generation = YES;
				INFOPLIST_KEY_UISupportedInterfaceOrientations_iPad = "UIInterfaceOrientationPortrait UIInterfaceOrientationPortraitUpsideDown UIInterfaceOrientationLandscapeLeft UIInterfaceOrientationLandscapeRight";
				INFOPLIST_KEY_UISupportedInterfaceOrientations_iPhone = "UIInterfaceOrientationPortrait UIInterfaceOrientationLandscapeLeft UIInterfaceOrientationLandscapeRight";
				LD_RUNPATH_SEARCH_PATHS = (
					"$(inherited)",
					"@executable_path/Frameworks",
				);
				MARKETING_VERSION = 1.0;
				PRODUCT_BUNDLE_IDENTIFIER = nikitamounier.Cointree;
				PRODUCT_NAME = "$(TARGET_NAME)";
				SWIFT_EMIT_LOC_STRINGS = YES;
				SWIFT_VERSION = 5.0;
				TARGETED_DEVICE_FAMILY = "1,2";
			};
			name = Debug;
		};
		E417A1F128C2CDFC00047734 /* Release */ = {
			isa = XCBuildConfiguration;
			buildSettings = {
				ASSETCATALOG_COMPILER_APPICON_NAME = AppIcon;
				ASSETCATALOG_COMPILER_GLOBAL_ACCENT_COLOR_NAME = AccentColor;
				CODE_SIGN_STYLE = Automatic;
				CURRENT_PROJECT_VERSION = 1;
				DEVELOPMENT_ASSET_PATHS = "\"Cointree/Preview Content\"";
				DEVELOPMENT_TEAM = 4H9DY7KK5F;
				ENABLE_PREVIEWS = YES;
				GENERATE_INFOPLIST_FILE = YES;
				INFOPLIST_KEY_NSCameraUsageDescription = "We need to use the camera to scan your invoice.";
				INFOPLIST_KEY_UIApplicationSceneManifest_Generation = YES;
				INFOPLIST_KEY_UIApplicationSupportsIndirectInputEvents = YES;
				INFOPLIST_KEY_UILaunchScreen_Generation = YES;
				INFOPLIST_KEY_UISupportedInterfaceOrientations_iPad = "UIInterfaceOrientationPortrait UIInterfaceOrientationPortraitUpsideDown UIInterfaceOrientationLandscapeLeft UIInterfaceOrientationLandscapeRight";
				INFOPLIST_KEY_UISupportedInterfaceOrientations_iPhone = "UIInterfaceOrientationPortrait UIInterfaceOrientationLandscapeLeft UIInterfaceOrientationLandscapeRight";
				LD_RUNPATH_SEARCH_PATHS = (
					"$(inherited)",
					"@executable_path/Frameworks",
				);
				MARKETING_VERSION = 1.0;
				PRODUCT_BUNDLE_IDENTIFIER = nikitamounier.Cointree;
				PRODUCT_NAME = "$(TARGET_NAME)";
				SWIFT_EMIT_LOC_STRINGS = YES;
				SWIFT_VERSION = 5.0;
				TARGETED_DEVICE_FAMILY = "1,2";
			};
			name = Release;
		};
/* End XCBuildConfiguration section */

/* Begin XCConfigurationList section */
		E417A1DC28C2CDFB00047734 /* Build configuration list for PBXProject "Cointree" */ = {
			isa = XCConfigurationList;
			buildConfigurations = (
				E417A1ED28C2CDFC00047734 /* Debug */,
				E417A1EE28C2CDFC00047734 /* Release */,
			);
			defaultConfigurationIsVisible = 0;
			defaultConfigurationName = Release;
		};
		E417A1EF28C2CDFC00047734 /* Build configuration list for PBXNativeTarget "Cointree" */ = {
			isa = XCConfigurationList;
			buildConfigurations = (
				E417A1F028C2CDFC00047734 /* Debug */,
				E417A1F128C2CDFC00047734 /* Release */,
			);
			defaultConfigurationIsVisible = 0;
			defaultConfigurationName = Release;
		};
/* End XCConfigurationList section */

/* Begin XCRemoteSwiftPackageReference section */
		E417A1F728C2DFA600047734 /* XCRemoteSwiftPackageReference "swift-algorithms" */ = {
			isa = XCRemoteSwiftPackageReference;
			repositoryURL = "https://github.com/apple/swift-algorithms";
			requirement = {
				kind = upToNextMajorVersion;
				minimumVersion = 1.0.0;
			};
		};
		E417A20128C3254C00047734 /* XCRemoteSwiftPackageReference "swift-parsing" */ = {
			isa = XCRemoteSwiftPackageReference;
			repositoryURL = "https://github.com/pointfreeco/swift-parsing";
			requirement = {
				kind = upToNextMajorVersion;
				minimumVersion = 0.9.2;
			};
		};
		E4932C1028C37BF100896CE7 /* XCRemoteSwiftPackageReference "SwiftSoup" */ = {
			isa = XCRemoteSwiftPackageReference;
			repositoryURL = "https://github.com/scinfu/SwiftSoup";
			requirement = {
				kind = upToNextMajorVersion;
				minimumVersion = 2.0.0;
			};
		};
/* End XCRemoteSwiftPackageReference section */

/* Begin XCSwiftPackageProductDependency section */
		E417A1F828C2DFA700047734 /* Algorithms */ = {
			isa = XCSwiftPackageProductDependency;
			package = E417A1F728C2DFA600047734 /* XCRemoteSwiftPackageReference "swift-algorithms" */;
			productName = Algorithms;
		};
		E417A20228C3254C00047734 /* Parsing */ = {
			isa = XCSwiftPackageProductDependency;
			package = E417A20128C3254C00047734 /* XCRemoteSwiftPackageReference "swift-parsing" */;
			productName = Parsing;
		};
		E4932C1128C37BF100896CE7 /* SwiftSoup */ = {
			isa = XCSwiftPackageProductDependency;
			package = E4932C1028C37BF100896CE7 /* XCRemoteSwiftPackageReference "SwiftSoup" */;
			productName = SwiftSoup;
		};
/* End XCSwiftPackageProductDependency section */
	};
	rootObject = E417A1D928C2CDFB00047734 /* Project object */;
}
